
Microsoft Visual Studio Solution File, Format Version 12.00
# Visual Studio Version 17
VisualStudioVersion = 17.0.31903.59
MinimumVisualStudioVersion = 10.0.40219.1
Project("{2150E333-8FDC-42A3-9474-1A3956D46DE8}") = "EventsManagerApi", "EventsManagerApi", "{3A03EE99-445A-4822-8699-2E3E168F9C6E}"
EndProject
Project("{FAE04EC0-301F-11D3-BF4B-00C04F79EFBC}") = "EventsManager.Domain", "EventsManager.Domain\EventsManager.Domain.csproj", "{2F651038-7E17-4710-9B97-D04E04A06A2C}"
EndProject
Global
	GlobalSection(SolutionConfigurationPlatforms) = preSolution
		Debug|Any CPU = Debug|Any CPU
		Release|Any CPU = Release|Any CPU
	EndGlobalSection
	GlobalSection(ProjectConfigurationPlatforms) = postSolution
		{2F651038-7E17-4710-9B97-D04E04A06A2C}.Debug|Any CPU.ActiveCfg = Debug|Any CPU
		{2F651038-7E17-4710-9B97-D04E04A06A2C}.Debug|Any CPU.Build.0 = Debug|Any CPU
		{2F651038-7E17-4710-9B97-D04E04A06A2C}.Release|Any CPU.ActiveCfg = Release|Any CPU
		{2F651038-7E17-4710-9B97-D04E04A06A2C}.Release|Any CPU.Build.0 = Release|Any CPU
	EndGlobalSection
	GlobalSection(SolutionProperties) = preSolution
		HideSolutionNode = FALSE
	EndGlobalSection
	GlobalSection(NestedProjects) = preSolution
		{2F651038-7E17-4710-9B97-D04E04A06A2C} = {3A03EE99-445A-4822-8699-2E3E168F9C6E}
	EndGlobalSection
EndGlobal
